// !$*UTF8*$!
{
	archiveVersion = 1;
	classes = {
	};
	objectVersion = 56;
	objects = {

/* Begin PBXBuildFile section */
		E51A2C1F2C8673CB0045CBFF /* GeneralSettingsView.swift in Sources */ = {isa = PBXBuildFile; fileRef = E51A2C1E2C8673CB0045CBFF /* GeneralSettingsView.swift */; };
		E51A2C212C87A2BC0045CBFF /* ColorView.swift in Sources */ = {isa = PBXBuildFile; fileRef = E51A2C202C87A2BC0045CBFF /* ColorView.swift */; };
		E530FA5A2C796C6500FB784B /* WidgetConstants.swift in Sources */ = {isa = PBXBuildFile; fileRef = E530FA582C796B2600FB784B /* WidgetConstants.swift */; };
		E530FA5C2C7C16DD00FB784B /* WidgetColor.swift in Sources */ = {isa = PBXBuildFile; fileRef = E530FA5B2C7C16DD00FB784B /* WidgetColor.swift */; };
		E5AEB8922C76BCE20097EFF9 /* WidgetView.swift in Sources */ = {isa = PBXBuildFile; fileRef = E5AEB8862C76BCE10097EFF9 /* WidgetView.swift */; };
		E5AEB8932C76BCE20097EFF9 /* OptionsView.swift in Sources */ = {isa = PBXBuildFile; fileRef = E5AEB8872C76BCE10097EFF9 /* OptionsView.swift */; };
		E5AEB8942C76BCE20097EFF9 /* CreateWidgetView.swift in Sources */ = {isa = PBXBuildFile; fileRef = E5AEB8882C76BCE10097EFF9 /* CreateWidgetView.swift */; };
		E5AEB8952C76BCE20097EFF9 /* PremiumView.swift in Sources */ = {isa = PBXBuildFile; fileRef = E5AEB8892C76BCE10097EFF9 /* PremiumView.swift */; };
		E5AEB8962C76BCE20097EFF9 /* EditWidgetView.swift in Sources */ = {isa = PBXBuildFile; fileRef = E5AEB88A2C76BCE10097EFF9 /* EditWidgetView.swift */; };
		E5AEB8982C76BCE20097EFF9 /* OverlayTemplateView.swift in Sources */ = {isa = PBXBuildFile; fileRef = E5AEB88C2C76BCE10097EFF9 /* OverlayTemplateView.swift */; };
		E5AEB89A2C76BCE20097EFF9 /* HomeView.swift in Sources */ = {isa = PBXBuildFile; fileRef = E5AEB88E2C76BCE10097EFF9 /* HomeView.swift */; };
		E5AEB89B2C76BCE20097EFF9 /* SimpleButtonView.swift in Sources */ = {isa = PBXBuildFile; fileRef = E5AEB88F2C76BCE10097EFF9 /* SimpleButtonView.swift */; };
		E5AEB89D2C76BCE20097EFF9 /* ViewWidgetView.swift in Sources */ = {isa = PBXBuildFile; fileRef = E5AEB8912C76BCE20097EFF9 /* ViewWidgetView.swift */; };
		E5AEB89F2C76BD160097EFF9 /* Fortune_CookieApp.swift in Sources */ = {isa = PBXBuildFile; fileRef = E5AEB89E2C76BD160097EFF9 /* Fortune_CookieApp.swift */; };
		E5AEB8A02C76BE110097EFF9 /* AddToHomeView.swift in Sources */ = {isa = PBXBuildFile; fileRef = E5AEB88D2C76BCE10097EFF9 /* AddToHomeView.swift */; };
		E5AEB8A32C76BFED0097EFF9 /* FortuneCookieModel.swift in Sources */ = {isa = PBXBuildFile; fileRef = E5AEB87F2C76BB130097EFF9 /* FortuneCookieModel.swift */; };
		E5AEB8A42C76BFEF0097EFF9 /* WidgetModel.swift in Sources */ = {isa = PBXBuildFile; fileRef = E5AEB8802C76BB130097EFF9 /* WidgetModel.swift */; };
		E5AEB8A52C76BFF20097EFF9 /* Constants.swift in Sources */ = {isa = PBXBuildFile; fileRef = E5AEB8812C76BB130097EFF9 /* Constants.swift */; };
		E5AEB8A82C76C11B0097EFF9 /* Assets.xcassets in Resources */ = {isa = PBXBuildFile; fileRef = E5AEB8A72C76C11A0097EFF9 /* Assets.xcassets */; };
		E5AEB8F02C76DC210097EFF9 /* WidgetKit.framework in Frameworks */ = {isa = PBXBuildFile; fileRef = E5AEB8AF2C76C3530097EFF9 /* WidgetKit.framework */; };
		E5AEB8F12C76DC210097EFF9 /* SwiftUI.framework in Frameworks */ = {isa = PBXBuildFile; fileRef = E5AEB8B12C76C3530097EFF9 /* SwiftUI.framework */; };
		E5AEB8F42C76DC210097EFF9 /* Fortune_Cookie_WidgetBundle.swift in Sources */ = {isa = PBXBuildFile; fileRef = E5AEB8F32C76DC210097EFF9 /* Fortune_Cookie_WidgetBundle.swift */; };
		E5AEB8F62C76DC210097EFF9 /* Fortune_Cookie_Widget.swift in Sources */ = {isa = PBXBuildFile; fileRef = E5AEB8F52C76DC210097EFF9 /* Fortune_Cookie_Widget.swift */; };
		E5AEB8F82C76DC220097EFF9 /* Assets.xcassets in Resources */ = {isa = PBXBuildFile; fileRef = E5AEB8F72C76DC220097EFF9 /* Assets.xcassets */; };
		E5AEB8FC2C76DC220097EFF9 /* Fortune Cookie WidgetExtension.appex in Embed Foundation Extensions */ = {isa = PBXBuildFile; fileRef = E5AEB8EF2C76DC210097EFF9 /* Fortune Cookie WidgetExtension.appex */; settings = {ATTRIBUTES = (RemoveHeadersOnCopy, ); }; };
		E5B93F862C80D24500DC7FCA /* AddWidgetUnstagedView.swift in Sources */ = {isa = PBXBuildFile; fileRef = E5B93F852C80D24400DC7FCA /* AddWidgetUnstagedView.swift */; };
		E5B93F892C80DA3F00DC7FCA /* WidgetModelWidget.swift in Sources */ = {isa = PBXBuildFile; fileRef = E5B93F872C80D8D400DC7FCA /* WidgetModelWidget.swift */; };
/* End PBXBuildFile section */

/* Begin PBXContainerItemProxy section */
		E5AEB8FA2C76DC220097EFF9 /* PBXContainerItemProxy */ = {
			isa = PBXContainerItemProxy;
			containerPortal = E521FBBD2C5C2F3600A4472E /* Project object */;
			proxyType = 1;
			remoteGlobalIDString = E5AEB8EE2C76DC210097EFF9;
			remoteInfo = "Fortune Cookie WidgetExtension";
		};
/* End PBXContainerItemProxy section */

/* Begin PBXCopyFilesBuildPhase section */
		E5F426962C76580400F2CA51 /* Embed Foundation Extensions */ = {
			isa = PBXCopyFilesBuildPhase;
			buildActionMask = 2147483647;
			dstPath = "";
			dstSubfolderSpec = 13;
			files = (
				E5AEB8FC2C76DC220097EFF9 /* Fortune Cookie WidgetExtension.appex in Embed Foundation Extensions */,
			);
			name = "Embed Foundation Extensions";
			runOnlyForDeploymentPostprocessing = 0;
		};
/* End PBXCopyFilesBuildPhase section */

/* Begin PBXFileReference section */
		E51A2C1E2C8673CB0045CBFF /* GeneralSettingsView.swift */ = {isa = PBXFileReference; lastKnownFileType = sourcecode.swift; path = GeneralSettingsView.swift; sourceTree = "<group>"; };
		E51A2C202C87A2BC0045CBFF /* ColorView.swift */ = {isa = PBXFileReference; lastKnownFileType = sourcecode.swift; path = ColorView.swift; sourceTree = "<group>"; };
		E521FBC52C5C2F3600A4472E /* Fortune Cookie.app */ = {isa = PBXFileReference; explicitFileType = wrapper.application; includeInIndex = 0; path = "Fortune Cookie.app"; sourceTree = BUILT_PRODUCTS_DIR; };
		E530FA562C795D0200FB784B /* Fortune CookieDebug.entitlements */ = {isa = PBXFileReference; lastKnownFileType = text.plist.entitlements; path = "Fortune CookieDebug.entitlements"; sourceTree = "<group>"; };
		E530FA572C795D9300FB784B /* Fortune Cookie WidgetExtensionDebug.entitlements */ = {isa = PBXFileReference; lastKnownFileType = text.plist.entitlements; path = "Fortune Cookie WidgetExtensionDebug.entitlements"; sourceTree = "<group>"; };
		E530FA582C796B2600FB784B /* WidgetConstants.swift */ = {isa = PBXFileReference; lastKnownFileType = sourcecode.swift; path = WidgetConstants.swift; sourceTree = "<group>"; };
		E530FA5B2C7C16DD00FB784B /* WidgetColor.swift */ = {isa = PBXFileReference; lastKnownFileType = sourcecode.swift; path = WidgetColor.swift; sourceTree = "<group>"; };
		E5AEB87F2C76BB130097EFF9 /* FortuneCookieModel.swift */ = {isa = PBXFileReference; lastKnownFileType = sourcecode.swift; path = FortuneCookieModel.swift; sourceTree = "<group>"; };
		E5AEB8802C76BB130097EFF9 /* WidgetModel.swift */ = {isa = PBXFileReference; lastKnownFileType = sourcecode.swift; path = WidgetModel.swift; sourceTree = "<group>"; };
		E5AEB8812C76BB130097EFF9 /* Constants.swift */ = {isa = PBXFileReference; lastKnownFileType = sourcecode.swift; path = Constants.swift; sourceTree = "<group>"; };
		E5AEB8852C76BCE10097EFF9 /* Fortune Cookie-Bridging-Header.h */ = {isa = PBXFileReference; lastKnownFileType = sourcecode.c.h; path = "Fortune Cookie-Bridging-Header.h"; sourceTree = "<group>"; };
		E5AEB8862C76BCE10097EFF9 /* WidgetView.swift */ = {isa = PBXFileReference; fileEncoding = 4; lastKnownFileType = sourcecode.swift; path = WidgetView.swift; sourceTree = "<group>"; };
		E5AEB8872C76BCE10097EFF9 /* OptionsView.swift */ = {isa = PBXFileReference; fileEncoding = 4; lastKnownFileType = sourcecode.swift; path = OptionsView.swift; sourceTree = "<group>"; };
		E5AEB8882C76BCE10097EFF9 /* CreateWidgetView.swift */ = {isa = PBXFileReference; fileEncoding = 4; lastKnownFileType = sourcecode.swift; path = CreateWidgetView.swift; sourceTree = "<group>"; };
		E5AEB8892C76BCE10097EFF9 /* PremiumView.swift */ = {isa = PBXFileReference; fileEncoding = 4; lastKnownFileType = sourcecode.swift; path = PremiumView.swift; sourceTree = "<group>"; };
		E5AEB88A2C76BCE10097EFF9 /* EditWidgetView.swift */ = {isa = PBXFileReference; fileEncoding = 4; lastKnownFileType = sourcecode.swift; path = EditWidgetView.swift; sourceTree = "<group>"; };
		E5AEB88C2C76BCE10097EFF9 /* OverlayTemplateView.swift */ = {isa = PBXFileReference; fileEncoding = 4; lastKnownFileType = sourcecode.swift; path = OverlayTemplateView.swift; sourceTree = "<group>"; };
		E5AEB88D2C76BCE10097EFF9 /* AddToHomeView.swift */ = {isa = PBXFileReference; fileEncoding = 4; lastKnownFileType = sourcecode.swift; path = AddToHomeView.swift; sourceTree = "<group>"; };
		E5AEB88E2C76BCE10097EFF9 /* HomeView.swift */ = {isa = PBXFileReference; fileEncoding = 4; lastKnownFileType = sourcecode.swift; path = HomeView.swift; sourceTree = "<group>"; };
		E5AEB88F2C76BCE10097EFF9 /* SimpleButtonView.swift */ = {isa = PBXFileReference; fileEncoding = 4; lastKnownFileType = sourcecode.swift; path = SimpleButtonView.swift; sourceTree = "<group>"; };
		E5AEB8912C76BCE20097EFF9 /* ViewWidgetView.swift */ = {isa = PBXFileReference; fileEncoding = 4; lastKnownFileType = sourcecode.swift; path = ViewWidgetView.swift; sourceTree = "<group>"; };
		E5AEB89E2C76BD160097EFF9 /* Fortune_CookieApp.swift */ = {isa = PBXFileReference; fileEncoding = 4; lastKnownFileType = sourcecode.swift; path = Fortune_CookieApp.swift; sourceTree = "<group>"; };
		E5AEB8A72C76C11A0097EFF9 /* Assets.xcassets */ = {isa = PBXFileReference; lastKnownFileType = folder.assetcatalog; path = Assets.xcassets; sourceTree = "<group>"; };
		E5AEB8AF2C76C3530097EFF9 /* WidgetKit.framework */ = {isa = PBXFileReference; lastKnownFileType = wrapper.framework; name = WidgetKit.framework; path = System/Library/Frameworks/WidgetKit.framework; sourceTree = SDKROOT; };
		E5AEB8B12C76C3530097EFF9 /* SwiftUI.framework */ = {isa = PBXFileReference; lastKnownFileType = wrapper.framework; name = SwiftUI.framework; path = System/Library/Frameworks/SwiftUI.framework; sourceTree = SDKROOT; };
		E5AEB8EF2C76DC210097EFF9 /* Fortune Cookie WidgetExtension.appex */ = {isa = PBXFileReference; explicitFileType = "wrapper.app-extension"; includeInIndex = 0; path = "Fortune Cookie WidgetExtension.appex"; sourceTree = BUILT_PRODUCTS_DIR; };
		E5AEB8F32C76DC210097EFF9 /* Fortune_Cookie_WidgetBundle.swift */ = {isa = PBXFileReference; lastKnownFileType = sourcecode.swift; path = Fortune_Cookie_WidgetBundle.swift; sourceTree = "<group>"; };
		E5AEB8F52C76DC210097EFF9 /* Fortune_Cookie_Widget.swift */ = {isa = PBXFileReference; lastKnownFileType = sourcecode.swift; path = Fortune_Cookie_Widget.swift; sourceTree = "<group>"; };
		E5AEB8F72C76DC220097EFF9 /* Assets.xcassets */ = {isa = PBXFileReference; lastKnownFileType = folder.assetcatalog; path = Assets.xcassets; sourceTree = "<group>"; };
		E5AEB8F92C76DC220097EFF9 /* Info.plist */ = {isa = PBXFileReference; lastKnownFileType = text.plist.xml; path = Info.plist; sourceTree = "<group>"; };
		E5B93F852C80D24400DC7FCA /* AddWidgetUnstagedView.swift */ = {isa = PBXFileReference; lastKnownFileType = sourcecode.swift; path = AddWidgetUnstagedView.swift; sourceTree = "<group>"; };
		E5B93F872C80D8D400DC7FCA /* WidgetModelWidget.swift */ = {isa = PBXFileReference; lastKnownFileType = sourcecode.swift; path = WidgetModelWidget.swift; sourceTree = "<group>"; };
		E5F4267C2C756F4E00F2CA51 /* Fortune-Cookie-Info.plist */ = {isa = PBXFileReference; lastKnownFileType = text.plist; path = "Fortune-Cookie-Info.plist"; sourceTree = SOURCE_ROOT; };
/* End PBXFileReference section */

/* Begin PBXFrameworksBuildPhase section */
		E521FBC22C5C2F3600A4472E /* Frameworks */ = {
			isa = PBXFrameworksBuildPhase;
			buildActionMask = 2147483647;
			files = (
			);
			runOnlyForDeploymentPostprocessing = 0;
		};
		E5AEB8EC2C76DC210097EFF9 /* Frameworks */ = {
			isa = PBXFrameworksBuildPhase;
			buildActionMask = 2147483647;
			files = (
				E5AEB8F12C76DC210097EFF9 /* SwiftUI.framework in Frameworks */,
				E5AEB8F02C76DC210097EFF9 /* WidgetKit.framework in Frameworks */,
			);
			runOnlyForDeploymentPostprocessing = 0;
		};
/* End PBXFrameworksBuildPhase section */

/* Begin PBXGroup section */
		E521FBBC2C5C2F3600A4472E = {
			isa = PBXGroup;
			children = (
				E530FA572C795D9300FB784B /* Fortune Cookie WidgetExtensionDebug.entitlements */,
				E521FBC72C5C2F3600A4472E /* Fortune Cookie */,
				E5AEB8F22C76DC210097EFF9 /* Fortune Cookie Widget */,
				E5AEB8AE2C76C3530097EFF9 /* Frameworks */,
				E521FBC62C5C2F3600A4472E /* Products */,
			);
			sourceTree = "<group>";
		};
		E521FBC62C5C2F3600A4472E /* Products */ = {
			isa = PBXGroup;
			children = (
				E521FBC52C5C2F3600A4472E /* Fortune Cookie.app */,
				E5AEB8EF2C76DC210097EFF9 /* Fortune Cookie WidgetExtension.appex */,
			);
			name = Products;
			sourceTree = "<group>";
		};
		E521FBC72C5C2F3600A4472E /* Fortune Cookie */ = {
			isa = PBXGroup;
			children = (
				E530FA562C795D0200FB784B /* Fortune CookieDebug.entitlements */,
				E5F4267C2C756F4E00F2CA51 /* Fortune-Cookie-Info.plist */,
				E5AEB87E2C76BB130097EFF9 /* Model */,
				E5AEB8822C76BB290097EFF9 /* View */,
				E5AEB89E2C76BD160097EFF9 /* Fortune_CookieApp.swift */,
				E5AEB8A72C76C11A0097EFF9 /* Assets.xcassets */,
			);
			path = "Fortune Cookie";
			sourceTree = "<group>";
		};
		E5AEB87E2C76BB130097EFF9 /* Model */ = {
			isa = PBXGroup;
			children = (
				E5AEB87F2C76BB130097EFF9 /* FortuneCookieModel.swift */,
				E5AEB8802C76BB130097EFF9 /* WidgetModel.swift */,
				E5AEB8812C76BB130097EFF9 /* Constants.swift */,
				E530FA5B2C7C16DD00FB784B /* WidgetColor.swift */,
			);
			path = Model;
			sourceTree = "<group>";
		};
		E5AEB8822C76BB290097EFF9 /* View */ = {
			isa = PBXGroup;
			children = (
				E5AEB88D2C76BCE10097EFF9 /* AddToHomeView.swift */,
				E5AEB8882C76BCE10097EFF9 /* CreateWidgetView.swift */,
				E5AEB88A2C76BCE10097EFF9 /* EditWidgetView.swift */,
				E5AEB88E2C76BCE10097EFF9 /* HomeView.swift */,
				E5AEB8872C76BCE10097EFF9 /* OptionsView.swift */,
				E51A2C1E2C8673CB0045CBFF /* GeneralSettingsView.swift */,
				E5AEB88C2C76BCE10097EFF9 /* OverlayTemplateView.swift */,
				E5AEB8892C76BCE10097EFF9 /* PremiumView.swift */,
				E5AEB88F2C76BCE10097EFF9 /* SimpleButtonView.swift */,
				E5AEB8912C76BCE20097EFF9 /* ViewWidgetView.swift */,
				E5AEB8862C76BCE10097EFF9 /* WidgetView.swift */,
				E5B93F852C80D24400DC7FCA /* AddWidgetUnstagedView.swift */,
				E51A2C202C87A2BC0045CBFF /* ColorView.swift */,
				E5AEB8852C76BCE10097EFF9 /* Fortune Cookie-Bridging-Header.h */,
			);
			path = View;
			sourceTree = "<group>";
		};
		E5AEB8AE2C76C3530097EFF9 /* Frameworks */ = {
			isa = PBXGroup;
			children = (
				E5AEB8AF2C76C3530097EFF9 /* WidgetKit.framework */,
				E5AEB8B12C76C3530097EFF9 /* SwiftUI.framework */,
			);
			name = Frameworks;
			sourceTree = "<group>";
		};
		E5AEB8F22C76DC210097EFF9 /* Fortune Cookie Widget */ = {
			isa = PBXGroup;
			children = (
				E5B93F872C80D8D400DC7FCA /* WidgetModelWidget.swift */,
				E530FA582C796B2600FB784B /* WidgetConstants.swift */,
				E5AEB8F32C76DC210097EFF9 /* Fortune_Cookie_WidgetBundle.swift */,
				E5AEB8F52C76DC210097EFF9 /* Fortune_Cookie_Widget.swift */,
				E5AEB8F92C76DC220097EFF9 /* Info.plist */,
				E5AEB8F72C76DC220097EFF9 /* Assets.xcassets */,
			);
			path = "Fortune Cookie Widget";
			sourceTree = "<group>";
		};
/* End PBXGroup section */

/* Begin PBXNativeTarget section */
		E521FBC42C5C2F3600A4472E /* Fortune Cookie */ = {
			isa = PBXNativeTarget;
			buildConfigurationList = E521FBD32C5C2F3900A4472E /* Build configuration list for PBXNativeTarget "Fortune Cookie" */;
			buildPhases = (
				E521FBC12C5C2F3600A4472E /* Sources */,
				E521FBC22C5C2F3600A4472E /* Frameworks */,
				E521FBC32C5C2F3600A4472E /* Resources */,
				E5F426962C76580400F2CA51 /* Embed Foundation Extensions */,
			);
			buildRules = (
			);
			dependencies = (
				E5AEB8FB2C76DC220097EFF9 /* PBXTargetDependency */,
			);
			name = "Fortune Cookie";
			productName = "Fortune Cookie";
			productReference = E521FBC52C5C2F3600A4472E /* Fortune Cookie.app */;
			productType = "com.apple.product-type.application";
		};
		E5AEB8EE2C76DC210097EFF9 /* Fortune Cookie WidgetExtension */ = {
			isa = PBXNativeTarget;
			buildConfigurationList = E5AEB8FD2C76DC220097EFF9 /* Build configuration list for PBXNativeTarget "Fortune Cookie WidgetExtension" */;
			buildPhases = (
				E5AEB8EB2C76DC210097EFF9 /* Sources */,
				E5AEB8EC2C76DC210097EFF9 /* Frameworks */,
				E5AEB8ED2C76DC210097EFF9 /* Resources */,
			);
			buildRules = (
			);
			dependencies = (
			);
			name = "Fortune Cookie WidgetExtension";
			productName = "Fortune Cookie WidgetExtension";
			productReference = E5AEB8EF2C76DC210097EFF9 /* Fortune Cookie WidgetExtension.appex */;
			productType = "com.apple.product-type.app-extension";
		};
/* End PBXNativeTarget section */

/* Begin PBXProject section */
		E521FBBD2C5C2F3600A4472E /* Project object */ = {
			isa = PBXProject;
			attributes = {
				BuildIndependentTargetsInParallel = 1;
				LastSwiftUpdateCheck = 1530;
				LastUpgradeCheck = 1530;
				TargetAttributes = {
					E521FBC42C5C2F3600A4472E = {
						CreatedOnToolsVersion = 15.3;
						LastSwiftMigration = 1530;
					};
					E5AEB8EE2C76DC210097EFF9 = {
						CreatedOnToolsVersion = 15.3;
					};
				};
			};
			buildConfigurationList = E521FBC02C5C2F3600A4472E /* Build configuration list for PBXProject "Fortune Cookie" */;
			compatibilityVersion = "Xcode 14.0";
			developmentRegion = en;
			hasScannedForEncodings = 0;
			knownRegions = (
				en,
				Base,
			);
			mainGroup = E521FBBC2C5C2F3600A4472E;
			productRefGroup = E521FBC62C5C2F3600A4472E /* Products */;
			projectDirPath = "";
			projectRoot = "";
			targets = (
				E521FBC42C5C2F3600A4472E /* Fortune Cookie */,
				E5AEB8EE2C76DC210097EFF9 /* Fortune Cookie WidgetExtension */,
			);
		};
/* End PBXProject section */

/* Begin PBXResourcesBuildPhase section */
		E521FBC32C5C2F3600A4472E /* Resources */ = {
			isa = PBXResourcesBuildPhase;
			buildActionMask = 2147483647;
			files = (
				E5AEB8A82C76C11B0097EFF9 /* Assets.xcassets in Resources */,
			);
			runOnlyForDeploymentPostprocessing = 0;
		};
		E5AEB8ED2C76DC210097EFF9 /* Resources */ = {
			isa = PBXResourcesBuildPhase;
			buildActionMask = 2147483647;
			files = (
				E5AEB8F82C76DC220097EFF9 /* Assets.xcassets in Resources */,
			);
			runOnlyForDeploymentPostprocessing = 0;
		};
/* End PBXResourcesBuildPhase section */

/* Begin PBXSourcesBuildPhase section */
		E521FBC12C5C2F3600A4472E /* Sources */ = {
			isa = PBXSourcesBuildPhase;
			buildActionMask = 2147483647;
			files = (
				E5AEB89B2C76BCE20097EFF9 /* SimpleButtonView.swift in Sources */,
				E5AEB89F2C76BD160097EFF9 /* Fortune_CookieApp.swift in Sources */,
				E5AEB89A2C76BCE20097EFF9 /* HomeView.swift in Sources */,
				E5AEB8922C76BCE20097EFF9 /* WidgetView.swift in Sources */,
				E5AEB8932C76BCE20097EFF9 /* OptionsView.swift in Sources */,
				E5AEB8A02C76BE110097EFF9 /* AddToHomeView.swift in Sources */,
				E51A2C212C87A2BC0045CBFF /* ColorView.swift in Sources */,
				E5AEB8A52C76BFF20097EFF9 /* Constants.swift in Sources */,
				E5AEB89D2C76BCE20097EFF9 /* ViewWidgetView.swift in Sources */,
				E530FA5C2C7C16DD00FB784B /* WidgetColor.swift in Sources */,
				E5B93F862C80D24500DC7FCA /* AddWidgetUnstagedView.swift in Sources */,
				E51A2C1F2C8673CB0045CBFF /* GeneralSettingsView.swift in Sources */,
				E5AEB8982C76BCE20097EFF9 /* OverlayTemplateView.swift in Sources */,
				E5AEB8952C76BCE20097EFF9 /* PremiumView.swift in Sources */,
				E5AEB8962C76BCE20097EFF9 /* EditWidgetView.swift in Sources */,
				E5AEB8A42C76BFEF0097EFF9 /* WidgetModel.swift in Sources */,
				E5AEB8942C76BCE20097EFF9 /* CreateWidgetView.swift in Sources */,
				E5AEB8A32C76BFED0097EFF9 /* FortuneCookieModel.swift in Sources */,
			);
			runOnlyForDeploymentPostprocessing = 0;
		};
		E5AEB8EB2C76DC210097EFF9 /* Sources */ = {
			isa = PBXSourcesBuildPhase;
			buildActionMask = 2147483647;
			files = (
				E530FA5A2C796C6500FB784B /* WidgetConstants.swift in Sources */,
				E5AEB8F42C76DC210097EFF9 /* Fortune_Cookie_WidgetBundle.swift in Sources */,
				E5AEB8F62C76DC210097EFF9 /* Fortune_Cookie_Widget.swift in Sources */,
				E5B93F892C80DA3F00DC7FCA /* WidgetModelWidget.swift in Sources */,
			);
			runOnlyForDeploymentPostprocessing = 0;
		};
/* End PBXSourcesBuildPhase section */

/* Begin PBXTargetDependency section */
		E5AEB8FB2C76DC220097EFF9 /* PBXTargetDependency */ = {
			isa = PBXTargetDependency;
			target = E5AEB8EE2C76DC210097EFF9 /* Fortune Cookie WidgetExtension */;
			targetProxy = E5AEB8FA2C76DC220097EFF9 /* PBXContainerItemProxy */;
		};
/* End PBXTargetDependency section */

/* Begin XCBuildConfiguration section */
		E521FBD12C5C2F3900A4472E /* Debug */ = {
			isa = XCBuildConfiguration;
			buildSettings = {
				ALWAYS_SEARCH_USER_PATHS = NO;
				ASSETCATALOG_COMPILER_GENERATE_SWIFT_ASSET_SYMBOL_EXTENSIONS = YES;
				CLANG_ANALYZER_NONNULL = YES;
				CLANG_ANALYZER_NUMBER_OBJECT_CONVERSION = YES_AGGRESSIVE;
				CLANG_CXX_LANGUAGE_STANDARD = "gnu++20";
				CLANG_ENABLE_MODULES = YES;
				CLANG_ENABLE_OBJC_ARC = YES;
				CLANG_ENABLE_OBJC_WEAK = YES;
				CLANG_WARN_BLOCK_CAPTURE_AUTORELEASING = YES;
				CLANG_WARN_BOOL_CONVERSION = YES;
				CLANG_WARN_COMMA = YES;
				CLANG_WARN_CONSTANT_CONVERSION = YES;
				CLANG_WARN_DEPRECATED_OBJC_IMPLEMENTATIONS = YES;
				CLANG_WARN_DIRECT_OBJC_ISA_USAGE = YES_ERROR;
				CLANG_WARN_DOCUMENTATION_COMMENTS = YES;
				CLANG_WARN_EMPTY_BODY = YES;
				CLANG_WARN_ENUM_CONVERSION = YES;
				CLANG_WARN_INFINITE_RECURSION = YES;
				CLANG_WARN_INT_CONVERSION = YES;
				CLANG_WARN_NON_LITERAL_NULL_CONVERSION = YES;
				CLANG_WARN_OBJC_IMPLICIT_RETAIN_SELF = YES;
				CLANG_WARN_OBJC_LITERAL_CONVERSION = YES;
				CLANG_WARN_OBJC_ROOT_CLASS = YES_ERROR;
				CLANG_WARN_QUOTED_INCLUDE_IN_FRAMEWORK_HEADER = YES;
				CLANG_WARN_RANGE_LOOP_ANALYSIS = YES;
				CLANG_WARN_STRICT_PROTOTYPES = YES;
				CLANG_WARN_SUSPICIOUS_MOVE = YES;
				CLANG_WARN_UNGUARDED_AVAILABILITY = YES_AGGRESSIVE;
				CLANG_WARN_UNREACHABLE_CODE = YES;
				CLANG_WARN__DUPLICATE_METHOD_MATCH = YES;
				COPY_PHASE_STRIP = NO;
				DEBUG_INFORMATION_FORMAT = dwarf;
				ENABLE_STRICT_OBJC_MSGSEND = YES;
				ENABLE_TESTABILITY = YES;
				ENABLE_USER_SCRIPT_SANDBOXING = YES;
				GCC_C_LANGUAGE_STANDARD = gnu17;
				GCC_DYNAMIC_NO_PIC = NO;
				GCC_NO_COMMON_BLOCKS = YES;
				GCC_OPTIMIZATION_LEVEL = 0;
				GCC_PREPROCESSOR_DEFINITIONS = (
					"DEBUG=1",
					"$(inherited)",
				);
				GCC_WARN_64_TO_32_BIT_CONVERSION = YES;
				GCC_WARN_ABOUT_RETURN_TYPE = YES_ERROR;
				GCC_WARN_UNDECLARED_SELECTOR = YES;
				GCC_WARN_UNINITIALIZED_AUTOS = YES_AGGRESSIVE;
				GCC_WARN_UNUSED_FUNCTION = YES;
				GCC_WARN_UNUSED_VARIABLE = YES;
				IPHONEOS_DEPLOYMENT_TARGET = 17.4;
				LOCALIZATION_PREFERS_STRING_CATALOGS = YES;
				MTL_ENABLE_DEBUG_INFO = INCLUDE_SOURCE;
				MTL_FAST_MATH = YES;
				ONLY_ACTIVE_ARCH = YES;
				SDKROOT = iphoneos;
				SWIFT_ACTIVE_COMPILATION_CONDITIONS = "DEBUG $(inherited)";
				SWIFT_OPTIMIZATION_LEVEL = "-Onone";
			};
			name = Debug;
		};
		E521FBD22C5C2F3900A4472E /* Release */ = {
			isa = XCBuildConfiguration;
			buildSettings = {
				ALWAYS_SEARCH_USER_PATHS = NO;
				ASSETCATALOG_COMPILER_GENERATE_SWIFT_ASSET_SYMBOL_EXTENSIONS = YES;
				CLANG_ANALYZER_NONNULL = YES;
				CLANG_ANALYZER_NUMBER_OBJECT_CONVERSION = YES_AGGRESSIVE;
				CLANG_CXX_LANGUAGE_STANDARD = "gnu++20";
				CLANG_ENABLE_MODULES = YES;
				CLANG_ENABLE_OBJC_ARC = YES;
				CLANG_ENABLE_OBJC_WEAK = YES;
				CLANG_WARN_BLOCK_CAPTURE_AUTORELEASING = YES;
				CLANG_WARN_BOOL_CONVERSION = YES;
				CLANG_WARN_COMMA = YES;
				CLANG_WARN_CONSTANT_CONVERSION = YES;
				CLANG_WARN_DEPRECATED_OBJC_IMPLEMENTATIONS = YES;
				CLANG_WARN_DIRECT_OBJC_ISA_USAGE = YES_ERROR;
				CLANG_WARN_DOCUMENTATION_COMMENTS = YES;
				CLANG_WARN_EMPTY_BODY = YES;
				CLANG_WARN_ENUM_CONVERSION = YES;
				CLANG_WARN_INFINITE_RECURSION = YES;
				CLANG_WARN_INT_CONVERSION = YES;
				CLANG_WARN_NON_LITERAL_NULL_CONVERSION = YES;
				CLANG_WARN_OBJC_IMPLICIT_RETAIN_SELF = YES;
				CLANG_WARN_OBJC_LITERAL_CONVERSION = YES;
				CLANG_WARN_OBJC_ROOT_CLASS = YES_ERROR;
				CLANG_WARN_QUOTED_INCLUDE_IN_FRAMEWORK_HEADER = YES;
				CLANG_WARN_RANGE_LOOP_ANALYSIS = YES;
				CLANG_WARN_STRICT_PROTOTYPES = YES;
				CLANG_WARN_SUSPICIOUS_MOVE = YES;
				CLANG_WARN_UNGUARDED_AVAILABILITY = YES_AGGRESSIVE;
				CLANG_WARN_UNREACHABLE_CODE = YES;
				CLANG_WARN__DUPLICATE_METHOD_MATCH = YES;
				COPY_PHASE_STRIP = NO;
				DEBUG_INFORMATION_FORMAT = "dwarf-with-dsym";
				ENABLE_NS_ASSERTIONS = NO;
				ENABLE_STRICT_OBJC_MSGSEND = YES;
				ENABLE_USER_SCRIPT_SANDBOXING = YES;
				GCC_C_LANGUAGE_STANDARD = gnu17;
				GCC_NO_COMMON_BLOCKS = YES;
				GCC_WARN_64_TO_32_BIT_CONVERSION = YES;
				GCC_WARN_ABOUT_RETURN_TYPE = YES_ERROR;
				GCC_WARN_UNDECLARED_SELECTOR = YES;
				GCC_WARN_UNINITIALIZED_AUTOS = YES_AGGRESSIVE;
				GCC_WARN_UNUSED_FUNCTION = YES;
				GCC_WARN_UNUSED_VARIABLE = YES;
				IPHONEOS_DEPLOYMENT_TARGET = 17.4;
				LOCALIZATION_PREFERS_STRING_CATALOGS = YES;
				MTL_ENABLE_DEBUG_INFO = NO;
				MTL_FAST_MATH = YES;
				SDKROOT = iphoneos;
				SWIFT_COMPILATION_MODE = wholemodule;
				VALIDATE_PRODUCT = YES;
			};
			name = Release;
		};
		E521FBD42C5C2F3900A4472E /* Debug */ = {
			isa = XCBuildConfiguration;
			buildSettings = {
				ALWAYS_EMBED_SWIFT_STANDARD_LIBRARIES = YES;
				ASSETCATALOG_COMPILER_APPICON_NAME = AppIcon;
				ASSETCATALOG_COMPILER_GLOBAL_ACCENT_COLOR_NAME = AccentColor;
				CLANG_ENABLE_MODULES = YES;
				CODE_SIGN_ENTITLEMENTS = "Fortune Cookie/Fortune CookieDebug.entitlements";
				CODE_SIGN_STYLE = Automatic;
				CURRENT_PROJECT_VERSION = 1;
				DEVELOPMENT_ASSET_PATHS = "\"Fortune Cookie/Assets.xcassets\"";
				DEVELOPMENT_TEAM = P4ALVZR99N;
				ENABLE_PREVIEWS = YES;
				GENERATE_INFOPLIST_FILE = YES;
				INFOPLIST_FILE = "Fortune-Cookie-Info.plist";
				INFOPLIST_KEY_UIApplicationSceneManifest_Generation = YES;
				INFOPLIST_KEY_UIApplicationSupportsIndirectInputEvents = YES;
				INFOPLIST_KEY_UILaunchScreen_Generation = YES;
				INFOPLIST_KEY_UISupportedInterfaceOrientations = UIInterfaceOrientationPortrait;
				INFOPLIST_KEY_UISupportedInterfaceOrientations_iPad = "UIInterfaceOrientationLandscapeLeft UIInterfaceOrientationLandscapeRight UIInterfaceOrientationPortrait UIInterfaceOrientationPortraitUpsideDown";
				LD_RUNPATH_SEARCH_PATHS = (
					"$(inherited)",
					"@executable_path/Frameworks",
				);
				MARKETING_VERSION = 1.0;
				PRODUCT_BUNDLE_IDENTIFIER = "com.coleabrams.Fortune-Cookie";
				PRODUCT_NAME = "$(TARGET_NAME)";
				SWIFT_EMIT_LOC_STRINGS = YES;
				SWIFT_OBJC_BRIDGING_HEADER = "Fortune Cookie/View/Fortune Cookie-Bridging-Header.h";
				SWIFT_OPTIMIZATION_LEVEL = "-Onone";
				SWIFT_VERSION = 5.0;
				TARGETED_DEVICE_FAMILY = "1,2";
			};
			name = Debug;
		};
		E521FBD52C5C2F3900A4472E /* Release */ = {
			isa = XCBuildConfiguration;
			buildSettings = {
				ALWAYS_EMBED_SWIFT_STANDARD_LIBRARIES = YES;
				ASSETCATALOG_COMPILER_APPICON_NAME = AppIcon;
				ASSETCATALOG_COMPILER_GLOBAL_ACCENT_COLOR_NAME = AccentColor;
				CLANG_ENABLE_MODULES = YES;
				CODE_SIGN_STYLE = Automatic;
				CURRENT_PROJECT_VERSION = 1;
				DEVELOPMENT_ASSET_PATHS = "\"Fortune Cookie/Assets.xcassets\"";
				DEVELOPMENT_TEAM = P4ALVZR99N;
				ENABLE_PREVIEWS = YES;
				GENERATE_INFOPLIST_FILE = YES;
				INFOPLIST_FILE = "Fortune-Cookie-Info.plist";
				INFOPLIST_KEY_UIApplicationSceneManifest_Generation = YES;
				INFOPLIST_KEY_UIApplicationSupportsIndirectInputEvents = YES;
				INFOPLIST_KEY_UILaunchScreen_Generation = YES;
				INFOPLIST_KEY_UISupportedInterfaceOrientations = UIInterfaceOrientationPortrait;
				INFOPLIST_KEY_UISupportedInterfaceOrientations_iPad = "UIInterfaceOrientationLandscapeLeft UIInterfaceOrientationLandscapeRight UIInterfaceOrientationPortrait UIInterfaceOrientationPortraitUpsideDown";
				LD_RUNPATH_SEARCH_PATHS = (
					"$(inherited)",
					"@executable_path/Frameworks",
				);
				MARKETING_VERSION = 1.0;
				PRODUCT_BUNDLE_IDENTIFIER = "com.coleabrams.Fortune-Cookie";
				PRODUCT_NAME = "$(TARGET_NAME)";
				SWIFT_EMIT_LOC_STRINGS = YES;
				SWIFT_OBJC_BRIDGING_HEADER = "Fortune Cookie/View/Fortune Cookie-Bridging-Header.h";
				SWIFT_VERSION = 5.0;
				TARGETED_DEVICE_FAMILY = "1,2";
			};
			name = Release;
		};
		E5AEB8FE2C76DC220097EFF9 /* Debug */ = {
			isa = XCBuildConfiguration;
			buildSettings = {
				ASSETCATALOG_COMPILER_GLOBAL_ACCENT_COLOR_NAME = AccentColor;
				ASSETCATALOG_COMPILER_WIDGET_BACKGROUND_COLOR_NAME = WidgetBackground;
				CODE_SIGN_ENTITLEMENTS = "Fortune Cookie WidgetExtensionDebug.entitlements";
				CODE_SIGN_STYLE = Automatic;
				CURRENT_PROJECT_VERSION = 1;
				DEVELOPMENT_TEAM = P4ALVZR99N;
				GENERATE_INFOPLIST_FILE = YES;
				INFOPLIST_FILE = "Fortune Cookie Widget/Info.plist";
				INFOPLIST_KEY_CFBundleDisplayName = "Fortune Cookie Widget";
				INFOPLIST_KEY_NSHumanReadableCopyright = "";
				LD_RUNPATH_SEARCH_PATHS = (
					"$(inherited)",
					"@executable_path/Frameworks",
					"@executable_path/../../Frameworks",
				);
				MARKETING_VERSION = 1.0;
				PRODUCT_BUNDLE_IDENTIFIER = "com.coleabrams.Fortune-Cookie.Fortune-Cookie-Widget";
				PRODUCT_NAME = "$(TARGET_NAME)";
				SKIP_INSTALL = YES;
				SWIFT_EMIT_LOC_STRINGS = YES;
				SWIFT_VERSION = 5.0;
				TARGETED_DEVICE_FAMILY = "1,2";
			};
			name = Debug;
		};
		E5AEB8FF2C76DC220097EFF9 /* Release */ = {
			isa = XCBuildConfiguration;
			buildSettings = {
				ASSETCATALOG_COMPILER_GLOBAL_ACCENT_COLOR_NAME = AccentColor;
				ASSETCATALOG_COMPILER_WIDGET_BACKGROUND_COLOR_NAME = WidgetBackground;
				CODE_SIGN_STYLE = Automatic;
				CURRENT_PROJECT_VERSION = 1;
				DEVELOPMENT_TEAM = P4ALVZR99N;
				GENERATE_INFOPLIST_FILE = YES;
				INFOPLIST_FILE = "Fortune Cookie Widget/Info.plist";
				INFOPLIST_KEY_CFBundleDisplayName = "Fortune Cookie Widget";
				INFOPLIST_KEY_NSHumanReadableCopyright = "";
				LD_RUNPATH_SEARCH_PATHS = (
					"$(inherited)",
					"@executable_path/Frameworks",
					"@executable_path/../../Frameworks",
				);
				MARKETING_VERSION = 1.0;
				PRODUCT_BUNDLE_IDENTIFIER = "com.coleabrams.Fortune-Cookie.Fortune-Cookie-Widget";
				PRODUCT_NAME = "$(TARGET_NAME)";
				SKIP_INSTALL = YES;
				SWIFT_EMIT_LOC_STRINGS = YES;
				SWIFT_VERSION = 5.0;
				TARGETED_DEVICE_FAMILY = "1,2";
			};
			name = Release;
		};
/* End XCBuildConfiguration section */

/* Begin XCConfigurationList section */
		E521FBC02C5C2F3600A4472E /* Build configuration list for PBXProject "Fortune Cookie" */ = {
			isa = XCConfigurationList;
			buildConfigurations = (
				E521FBD12C5C2F3900A4472E /* Debug */,
				E521FBD22C5C2F3900A4472E /* Release */,
			);
			defaultConfigurationIsVisible = 0;
			defaultConfigurationName = Release;
		};
		E521FBD32C5C2F3900A4472E /* Build configuration list for PBXNativeTarget "Fortune Cookie" */ = {
			isa = XCConfigurationList;
			buildConfigurations = (
				E521FBD42C5C2F3900A4472E /* Debug */,
				E521FBD52C5C2F3900A4472E /* Release */,
			);
			defaultConfigurationIsVisible = 0;
			defaultConfigurationName = Release;
		};
		E5AEB8FD2C76DC220097EFF9 /* Build configuration list for PBXNativeTarget "Fortune Cookie WidgetExtension" */ = {
			isa = XCConfigurationList;
			buildConfigurations = (
				E5AEB8FE2C76DC220097EFF9 /* Debug */,
				E5AEB8FF2C76DC220097EFF9 /* Release */,
			);
			defaultConfigurationIsVisible = 0;
			defaultConfigurationName = Release;
		};
/* End XCConfigurationList section */
	};
	rootObject = E521FBBD2C5C2F3600A4472E /* Project object */;
}
